PODS:
  - BEMSimpleLineGraph (4.1)
  - FoldingCell (0.8.1)
  - LTMorphingLabel (0.2.0)
  - Shimmer (1.0.2)
  - Spring (1.0.3)

DEPENDENCIES:
  - BEMSimpleLineGraph
  - FoldingCell (~> 0.8.1)
  - LTMorphingLabel
  - Shimmer (~> 1.0)
  - Spring (from `https://github.com/MengTo/Spring.git`, branch `swift2`)

EXTERNAL SOURCES:
  Spring:
    :branch: swift2
    :git: https://github.com/MengTo/Spring.git

CHECKOUT OPTIONS:
  Spring:
    :commit: 18d5c7b74489de8044e34767f856d1e574f0820e
    :git: https://github.com/MengTo/Spring.git

SPEC CHECKSUMS:
  BEMSimpleLineGraph: 44fd451f27f8e9cf96f2da5bea27603093576dd1
  FoldingCell: d5e51ca7f9a14c0d7c6abb8a1c06de2b6f4186b2
  LTMorphingLabel: 490aa8e079f9247c7f3130f7d4b1be1d66677377
  Shimmer: c5374be1c2b0c9e292fb05b339a513cf291cac86
  Spring: 3f02b5dc3308572ef177b3cad0fa7bbc4b0706f7

COCOAPODS: 0.39.0
