// !$*UTF8*$!
{
	archiveVersion = 1;
	classes = {
	};
	objectVersion = 46;
	objects = {

/* Begin PBXBuildFile section */
		43245EA71CDE674A00BDA44E /* AppDelegate.swift in Sources */ = {isa = PBXBuildFile; fileRef = 43245EA61CDE674A00BDA44E /* AppDelegate.swift */; };
		43245EA91CDE674A00BDA44E /* ViewController.swift in Sources */ = {isa = PBXBuildFile; fileRef = 43245EA81CDE674A00BDA44E /* ViewController.swift */; };
		43245EAC1CDE674A00BDA44E /* Main.storyboard in Resources */ = {isa = PBXBuildFile; fileRef = 43245EAA1CDE674A00BDA44E /* Main.storyboard */; };
		43245EAE1CDE674A00BDA44E /* Assets.xcassets in Resources */ = {isa = PBXBuildFile; fileRef = 43245EAD1CDE674A00BDA44E /* Assets.xcassets */; };
		43245EB11CDE674A00BDA44E /* LaunchScreen.storyboard in Resources */ = {isa = PBXBuildFile; fileRef = 43245EAF1CDE674A00BDA44E /* LaunchScreen.storyboard */; };
		43245EBC1CDE674A00BDA44E /* Angel_HackTests.swift in Sources */ = {isa = PBXBuildFile; fileRef = 43245EBB1CDE674A00BDA44E /* Angel_HackTests.swift */; };
		43245EC71CDE674A00BDA44E /* Angel_HackUITests.swift in Sources */ = {isa = PBXBuildFile; fileRef = 43245EC61CDE674A00BDA44E /* Angel_HackUITests.swift */; };
/* End PBXBuildFile section */

/* Begin PBXContainerItemProxy section */
		43245EB81CDE674A00BDA44E /* PBXContainerItemProxy */ = {
			isa = PBXContainerItemProxy;
			containerPortal = 43245E9B1CDE674900BDA44E /* Project object */;
			proxyType = 1;
			remoteGlobalIDString = 43245EA21CDE674900BDA44E;
			remoteInfo = "Angel Hack";
		};
		43245EC31CDE674A00BDA44E /* PBXContainerItemProxy */ = {
			isa = PBXContainerItemProxy;
			containerPortal = 43245E9B1CDE674900BDA44E /* Project object */;
			proxyType = 1;
			remoteGlobalIDString = 43245EA21CDE674900BDA44E;
			remoteInfo = "Angel Hack";
		};
/* End PBXContainerItemProxy section */

/* Begin PBXFileReference section */
		43245EA31CDE674900BDA44E /* Angel Hack.app */ = {isa = PBXFileReference; explicitFileType = wrapper.application; includeInIndex = 0; path = "Angel Hack.app"; sourceTree = BUILT_PRODUCTS_DIR; };
		43245EA61CDE674A00BDA44E /* AppDelegate.swift */ = {isa = PBXFileReference; lastKnownFileType = sourcecode.swift; path = AppDelegate.swift; sourceTree = "<group>"; };
		43245EA81CDE674A00BDA44E /* ViewController.swift */ = {isa = PBXFileReference; lastKnownFileType = sourcecode.swift; path = ViewController.swift; sourceTree = "<group>"; };
		43245EAB1CDE674A00BDA44E /* Base */ = {isa = PBXFileReference; lastKnownFileType = file.storyboard; name = Base; path = Base.lproj/Main.storyboard; sourceTree = "<group>"; };
		43245EAD1CDE674A00BDA44E /* Assets.xcassets */ = {isa = PBXFileReference; lastKnownFileType = folder.assetcatalog; path = Assets.xcassets; sourceTree = "<group>"; };
		43245EB01CDE674A00BDA44E /* Base */ = {isa = PBXFileReference; lastKnownFileType = file.storyboard; name = Base; path = Base.lproj/LaunchScreen.storyboard; sourceTree = "<group>"; };
		43245EB21CDE674A00BDA44E /* Info.plist */ = {isa = PBXFileReference; lastKnownFileType = text.plist.xml; path = Info.plist; sourceTree = "<group>"; };
		43245EB71CDE674A00BDA44E /* Angel HackTests.xctest */ = {isa = PBXFileReference; explicitFileType = wrapper.cfbundle; includeInIndex = 0; path = "Angel HackTests.xctest"; sourceTree = BUILT_PRODUCTS_DIR; };
		43245EBB1CDE674A00BDA44E /* Angel_HackTests.swift */ = {isa = PBXFileReference; lastKnownFileType = sourcecode.swift; path = Angel_HackTests.swift; sourceTree = "<group>"; };
		43245EBD1CDE674A00BDA44E /* Info.plist */ = {isa = PBXFileReference; lastKnownFileType = text.plist.xml; path = Info.plist; sourceTree = "<group>"; };
		43245EC21CDE674A00BDA44E /* Angel HackUITests.xctest */ = {isa = PBXFileReference; explicitFileType = wrapper.cfbundle; includeInIndex = 0; path = "Angel HackUITests.xctest"; sourceTree = BUILT_PRODUCTS_DIR; };
		43245EC61CDE674A00BDA44E /* Angel_HackUITests.swift */ = {isa = PBXFileReference; lastKnownFileType = sourcecode.swift; path = Angel_HackUITests.swift; sourceTree = "<group>"; };
		43245EC81CDE674A00BDA44E /* Info.plist */ = {isa = PBXFileReference; lastKnownFileType = text.plist.xml; path = Info.plist; sourceTree = "<group>"; };
/* End PBXFileReference section */

/* Begin PBXFrameworksBuildPhase section */
		43245EA01CDE674900BDA44E /* Frameworks */ = {
			isa = PBXFrameworksBuildPhase;
			buildActionMask = 2147483647;
			files = (
			);
			runOnlyForDeploymentPostprocessing = 0;
		};
		43245EB41CDE674A00BDA44E /* Frameworks */ = {
			isa = PBXFrameworksBuildPhase;
			buildActionMask = 2147483647;
			files = (
			);
			runOnlyForDeploymentPostprocessing = 0;
		};
		43245EBF1CDE674A00BDA44E /* Frameworks */ = {
			isa = PBXFrameworksBuildPhase;
			buildActionMask = 2147483647;
			files = (
			);
			runOnlyForDeploymentPostprocessing = 0;
		};
/* End PBXFrameworksBuildPhase section */

/* Begin PBXGroup section */
		43245E9A1CDE674900BDA44E = {
			isa = PBXGroup;
			children = (
				43245EA51CDE674A00BDA44E /* Angel Hack */,
				43245EBA1CDE674A00BDA44E /* Angel HackTests */,
				43245EC51CDE674A00BDA44E /* Angel HackUITests */,
				43245EA41CDE674900BDA44E /* Products */,
			);
			sourceTree = "<group>";
		};
		43245EA41CDE674900BDA44E /* Products */ = {
			isa = PBXGroup;
			children = (
				43245EA31CDE674900BDA44E /* Angel Hack.app */,
				43245EB71CDE674A00BDA44E /* Angel HackTests.xctest */,
				43245EC21CDE674A00BDA44E /* Angel HackUITests.xctest */,
			);
			name = Products;
			sourceTree = "<group>";
		};
		43245EA51CDE674A00BDA44E /* Angel Hack */ = {
			isa = PBXGroup;
			children = (
				43245EA61CDE674A00BDA44E /* AppDelegate.swift */,
				43245EA81CDE674A00BDA44E /* ViewController.swift */,
				43245EAA1CDE674A00BDA44E /* Main.storyboard */,
				43245EAD1CDE674A00BDA44E /* Assets.xcassets */,
				43245EAF1CDE674A00BDA44E /* LaunchScreen.storyboard */,
				43245EB21CDE674A00BDA44E /* Info.plist */,
			);
			path = "Angel Hack";
			sourceTree = "<group>";
		};
		43245EBA1CDE674A00BDA44E /* Angel HackTests */ = {
			isa = PBXGroup;
			children = (
				43245EBB1CDE674A00BDA44E /* Angel_HackTests.swift */,
				43245EBD1CDE674A00BDA44E /* Info.plist */,
			);
			path = "Angel HackTests";
			sourceTree = "<group>";
		};
		43245EC51CDE674A00BDA44E /* Angel HackUITests */ = {
			isa = PBXGroup;
			children = (
				43245EC61CDE674A00BDA44E /* Angel_HackUITests.swift */,
				43245EC81CDE674A00BDA44E /* Info.plist */,
			);
			path = "Angel HackUITests";
			sourceTree = "<group>";
		};
/* End PBXGroup section */

/* Begin PBXNativeTarget section */
		43245EA21CDE674900BDA44E /* Angel Hack */ = {
			isa = PBXNativeTarget;
			buildConfigurationList = 43245ECB1CDE674A00BDA44E /* Build configuration list for PBXNativeTarget "Angel Hack" */;
			buildPhases = (
				43245E9F1CDE674900BDA44E /* Sources */,
				43245EA01CDE674900BDA44E /* Frameworks */,
				43245EA11CDE674900BDA44E /* Resources */,
			);
			buildRules = (
			);
			dependencies = (
			);
			name = "Angel Hack";
			productName = "Angel Hack";
			productReference = 43245EA31CDE674900BDA44E /* Angel Hack.app */;
			productType = "com.apple.product-type.application";
		};
		43245EB61CDE674A00BDA44E /* Angel HackTests */ = {
			isa = PBXNativeTarget;
			buildConfigurationList = 43245ECE1CDE674A00BDA44E /* Build configuration list for PBXNativeTarget "Angel HackTests" */;
			buildPhases = (
				43245EB31CDE674A00BDA44E /* Sources */,
				43245EB41CDE674A00BDA44E /* Frameworks */,
				43245EB51CDE674A00BDA44E /* Resources */,
			);
			buildRules = (
			);
			dependencies = (
				43245EB91CDE674A00BDA44E /* PBXTargetDependency */,
			);
			name = "Angel HackTests";
			productName = "Angel HackTests";
			productReference = 43245EB71CDE674A00BDA44E /* Angel HackTests.xctest */;
			productType = "com.apple.product-type.bundle.unit-test";
		};
		43245EC11CDE674A00BDA44E /* Angel HackUITests */ = {
			isa = PBXNativeTarget;
			buildConfigurationList = 43245ED11CDE674A00BDA44E /* Build configuration list for PBXNativeTarget "Angel HackUITests" */;
			buildPhases = (
				43245EBE1CDE674A00BDA44E /* Sources */,
				43245EBF1CDE674A00BDA44E /* Frameworks */,
				43245EC01CDE674A00BDA44E /* Resources */,
			);
			buildRules = (
			);
			dependencies = (
				43245EC41CDE674A00BDA44E /* PBXTargetDependency */,
			);
			name = "Angel HackUITests";
			productName = "Angel HackUITests";
			productReference = 43245EC21CDE674A00BDA44E /* Angel HackUITests.xctest */;
			productType = "com.apple.product-type.bundle.ui-testing";
		};
/* End PBXNativeTarget section */

/* Begin PBXProject section */
		43245E9B1CDE674900BDA44E /* Project object */ = {
			isa = PBXProject;
			attributes = {
				LastSwiftUpdateCheck = 0730;
				LastUpgradeCheck = 0730;
				ORGANIZATIONNAME = "Julio Guzman";
				TargetAttributes = {
					43245EA21CDE674900BDA44E = {
						CreatedOnToolsVersion = 7.3;
					};
					43245EB61CDE674A00BDA44E = {
						CreatedOnToolsVersion = 7.3;
						TestTargetID = 43245EA21CDE674900BDA44E;
					};
					43245EC11CDE674A00BDA44E = {
						CreatedOnToolsVersion = 7.3;
						TestTargetID = 43245EA21CDE674900BDA44E;
					};
				};
			};
			buildConfigurationList = 43245E9E1CDE674900BDA44E /* Build configuration list for PBXProject "Angel Hack" */;
			compatibilityVersion = "Xcode 3.2";
			developmentRegion = English;
			hasScannedForEncodings = 0;
			knownRegions = (
				en,
				Base,
			);
			mainGroup = 43245E9A1CDE674900BDA44E;
			productRefGroup = 43245EA41CDE674900BDA44E /* Products */;
			projectDirPath = "";
			projectRoot = "";
			targets = (
				43245EA21CDE674900BDA44E /* Angel Hack */,
				43245EB61CDE674A00BDA44E /* Angel HackTests */,
				43245EC11CDE674A00BDA44E /* Angel HackUITests */,
			);
		};
/* End PBXProject section */

/* Begin PBXResourcesBuildPhase section */
		43245EA11CDE674900BDA44E /* Resources */ = {
			isa = PBXResourcesBuildPhase;
			buildActionMask = 2147483647;
			files = (
				43245EB11CDE674A00BDA44E /* LaunchScreen.storyboard in Resources */,
				43245EAE1CDE674A00BDA44E /* Assets.xcassets in Resources */,
				43245EAC1CDE674A00BDA44E /* Main.storyboard in Resources */,
			);
			runOnlyForDeploymentPostprocessing = 0;
		};
		43245EB51CDE674A00BDA44E /* Resources */ = {
			isa = PBXResourcesBuildPhase;
			buildActionMask = 2147483647;
			files = (
			);
			runOnlyForDeploymentPostprocessing = 0;
		};
		43245EC01CDE674A00BDA44E /* Resources */ = {
			isa = PBXResourcesBuildPhase;
			buildActionMask = 2147483647;
			files = (
			);
			runOnlyForDeploymentPostprocessing = 0;
		};
/* End PBXResourcesBuildPhase section */

/* Begin PBXSourcesBuildPhase section */
		43245E9F1CDE674900BDA44E /* Sources */ = {
			isa = PBXSourcesBuildPhase;
			buildActionMask = 2147483647;
			files = (
				43245EA91CDE674A00BDA44E /* ViewController.swift in Sources */,
				43245EA71CDE674A00BDA44E /* AppDelegate.swift in Sources */,
			);
			runOnlyForDeploymentPostprocessing = 0;
		};
		43245EB31CDE674A00BDA44E /* Sources */ = {
			isa = PBXSourcesBuildPhase;
			buildActionMask = 2147483647;
			files = (
				43245EBC1CDE674A00BDA44E /* Angel_HackTests.swift in Sources */,
			);
			runOnlyForDeploymentPostprocessing = 0;
		};
		43245EBE1CDE674A00BDA44E /* Sources */ = {
			isa = PBXSourcesBuildPhase;
			buildActionMask = 2147483647;
			files = (
				43245EC71CDE674A00BDA44E /* Angel_HackUITests.swift in Sources */,
			);
			runOnlyForDeploymentPostprocessing = 0;
		};
/* End PBXSourcesBuildPhase section */

/* Begin PBXTargetDependency section */
		43245EB91CDE674A00BDA44E /* PBXTargetDependency */ = {
			isa = PBXTargetDependency;
			target = 43245EA21CDE674900BDA44E /* Angel Hack */;
			targetProxy = 43245EB81CDE674A00BDA44E /* PBXContainerItemProxy */;
		};
		43245EC41CDE674A00BDA44E /* PBXTargetDependency */ = {
			isa = PBXTargetDependency;
			target = 43245EA21CDE674900BDA44E /* Angel Hack */;
			targetProxy = 43245EC31CDE674A00BDA44E /* PBXContainerItemProxy */;
		};
/* End PBXTargetDependency section */

/* Begin PBXVariantGroup section */
		43245EAA1CDE674A00BDA44E /* Main.storyboard */ = {
			isa = PBXVariantGroup;
			children = (
				43245EAB1CDE674A00BDA44E /* Base */,
			);
			name = Main.storyboard;
			sourceTree = "<group>";
		};
		43245EAF1CDE674A00BDA44E /* LaunchScreen.storyboard */ = {
			isa = PBXVariantGroup;
			children = (
				43245EB01CDE674A00BDA44E /* Base */,
			);
			name = LaunchScreen.storyboard;
			sourceTree = "<group>";
		};
/* End PBXVariantGroup section */

/* Begin XCBuildConfiguration section */
		43245EC91CDE674A00BDA44E /* Debug */ = {
			isa = XCBuildConfiguration;
			buildSettings = {
				ALWAYS_SEARCH_USER_PATHS = NO;
				CLANG_ANALYZER_NONNULL = YES;
				CLANG_CXX_LANGUAGE_STANDARD = "gnu++0x";
				CLANG_CXX_LIBRARY = "libc++";
				CLANG_ENABLE_MODULES = YES;
				CLANG_ENABLE_OBJC_ARC = YES;
				CLANG_WARN_BOOL_CONVERSION = YES;
				CLANG_WARN_CONSTANT_CONVERSION = YES;
				CLANG_WARN_DIRECT_OBJC_ISA_USAGE = YES_ERROR;
				CLANG_WARN_EMPTY_BODY = YES;
				CLANG_WARN_ENUM_CONVERSION = YES;
				CLANG_WARN_INT_CONVERSION = YES;
				CLANG_WARN_OBJC_ROOT_CLASS = YES_ERROR;
				CLANG_WARN_UNREACHABLE_CODE = YES;
				CLANG_WARN__DUPLICATE_METHOD_MATCH = YES;
				"CODE_SIGN_IDENTITY[sdk=iphoneos*]" = "iPhone Developer";
				COPY_PHASE_STRIP = NO;
				DEBUG_INFORMATION_FORMAT = dwarf;
				ENABLE_STRICT_OBJC_MSGSEND = YES;
				ENABLE_TESTABILITY = YES;
				GCC_C_LANGUAGE_STANDARD = gnu99;
				GCC_DYNAMIC_NO_PIC = NO;
				GCC_NO_COMMON_BLOCKS = YES;
				GCC_OPTIMIZATION_LEVEL = 0;
				GCC_PREPROCESSOR_DEFINITIONS = (
					"DEBUG=1",
					"$(inherited)",
				);
				GCC_WARN_64_TO_32_BIT_CONVERSION = YES;
				GCC_WARN_ABOUT_RETURN_TYPE = YES_ERROR;
				GCC_WARN_UNDECLARED_SELECTOR = YES;
				GCC_WARN_UNINITIALIZED_AUTOS = YES_AGGRESSIVE;
				GCC_WARN_UNUSED_FUNCTION = YES;
				GCC_WARN_UNUSED_VARIABLE = YES;
				IPHONEOS_DEPLOYMENT_TARGET = 9.3;
				MTL_ENABLE_DEBUG_INFO = YES;
				ONLY_ACTIVE_ARCH = YES;
				SDKROOT = iphoneos;
				SWIFT_OPTIMIZATION_LEVEL = "-Onone";
				TARGETED_DEVICE_FAMILY = "1,2";
			};
			name = Debug;
		};
		43245ECA1CDE674A00BDA44E /* Release */ = {
			isa = XCBuildConfiguration;
			buildSettings = {
				ALWAYS_SEARCH_USER_PATHS = NO;
				CLANG_ANALYZER_NONNULL = YES;
				CLANG_CXX_LANGUAGE_STANDARD = "gnu++0x";
				CLANG_CXX_LIBRARY = "libc++";
				CLANG_ENABLE_MODULES = YES;
				CLANG_ENABLE_OBJC_ARC = YES;
				CLANG_WARN_BOOL_CONVERSION = YES;
				CLANG_WARN_CONSTANT_CONVERSION = YES;
				CLANG_WARN_DIRECT_OBJC_ISA_USAGE = YES_ERROR;
				CLANG_WARN_EMPTY_BODY = YES;
				CLANG_WARN_ENUM_CONVERSION = YES;
				CLANG_WARN_INT_CONVERSION = YES;
				CLANG_WARN_OBJC_ROOT_CLASS = YES_ERROR;
				CLANG_WARN_UNREACHABLE_CODE = YES;
				CLANG_WARN__DUPLICATE_METHOD_MATCH = YES;
				"CODE_SIGN_IDENTITY[sdk=iphoneos*]" = "iPhone Developer";
				COPY_PHASE_STRIP = NO;
				DEBUG_INFORMATION_FORMAT = "dwarf-with-dsym";
				ENABLE_NS_ASSERTIONS = NO;
				ENABLE_STRICT_OBJC_MSGSEND = YES;
				GCC_C_LANGUAGE_STANDARD = gnu99;
				GCC_NO_COMMON_BLOCKS = YES;
				GCC_WARN_64_TO_32_BIT_CONVERSION = YES;
				GCC_WARN_ABOUT_RETURN_TYPE = YES_ERROR;
				GCC_WARN_UNDECLARED_SELECTOR = YES;
				GCC_WARN_UNINITIALIZED_AUTOS = YES_AGGRESSIVE;
				GCC_WARN_UNUSED_FUNCTION = YES;
				GCC_WARN_UNUSED_VARIABLE = YES;
				IPHONEOS_DEPLOYMENT_TARGET = 9.3;
				MTL_ENABLE_DEBUG_INFO = NO;
				SDKROOT = iphoneos;
				TARGETED_DEVICE_FAMILY = "1,2";
				VALIDATE_PRODUCT = YES;
			};
			name = Release;
		};
		43245ECC1CDE674A00BDA44E /* Debug */ = {
			isa = XCBuildConfiguration;
			buildSettings = {
				ASSETCATALOG_COMPILER_APPICON_NAME = AppIcon;
				INFOPLIST_FILE = "Angel Hack/Info.plist";
				LD_RUNPATH_SEARCH_PATHS = "$(inherited) @executable_path/Frameworks";
				PRODUCT_BUNDLE_IDENTIFIER = "Julio.Angel-Hack";
				PRODUCT_NAME = "$(TARGET_NAME)";
			};
			name = Debug;
		};
		43245ECD1CDE674A00BDA44E /* Release */ = {
			isa = XCBuildConfiguration;
			buildSettings = {
				ASSETCATALOG_COMPILER_APPICON_NAME = AppIcon;
				INFOPLIST_FILE = "Angel Hack/Info.plist";
				LD_RUNPATH_SEARCH_PATHS = "$(inherited) @executable_path/Frameworks";
				PRODUCT_BUNDLE_IDENTIFIER = "Julio.Angel-Hack";
				PRODUCT_NAME = "$(TARGET_NAME)";
			};
			name = Release;
		};
		43245ECF1CDE674A00BDA44E /* Debug */ = {
			isa = XCBuildConfiguration;
			buildSettings = {
				BUNDLE_LOADER = "$(TEST_HOST)";
				INFOPLIST_FILE = "Angel HackTests/Info.plist";
				LD_RUNPATH_SEARCH_PATHS = "$(inherited) @executable_path/Frameworks @loader_path/Frameworks";
				PRODUCT_BUNDLE_IDENTIFIER = "Julio.Angel-HackTests";
				PRODUCT_NAME = "$(TARGET_NAME)";
				TEST_HOST = "$(BUILT_PRODUCTS_DIR)/Angel Hack.app/Angel Hack";
			};
			name = Debug;
		};
		43245ED01CDE674A00BDA44E /* Release */ = {
			isa = XCBuildConfiguration;
			buildSettings = {
				BUNDLE_LOADER = "$(TEST_HOST)";
				INFOPLIST_FILE = "Angel HackTests/Info.plist";
				LD_RUNPATH_SEARCH_PATHS = "$(inherited) @executable_path/Frameworks @loader_path/Frameworks";
				PRODUCT_BUNDLE_IDENTIFIER = "Julio.Angel-HackTests";
				PRODUCT_NAME = "$(TARGET_NAME)";
				TEST_HOST = "$(BUILT_PRODUCTS_DIR)/Angel Hack.app/Angel Hack";
			};
			name = Release;
		};
		43245ED21CDE674A00BDA44E /* Debug */ = {
			isa = XCBuildConfiguration;
			buildSettings = {
				INFOPLIST_FILE = "Angel HackUITests/Info.plist";
				LD_RUNPATH_SEARCH_PATHS = "$(inherited) @executable_path/Frameworks @loader_path/Frameworks";
				PRODUCT_BUNDLE_IDENTIFIER = "Julio.Angel-HackUITests";
				PRODUCT_NAME = "$(TARGET_NAME)";
				TEST_TARGET_NAME = "Angel Hack";
			};
			name = Debug;
		};
		43245ED31CDE674A00BDA44E /* Release */ = {
			isa = XCBuildConfiguration;
			buildSettings = {
				INFOPLIST_FILE = "Angel HackUITests/Info.plist";
				LD_RUNPATH_SEARCH_PATHS = "$(inherited) @executable_path/Frameworks @loader_path/Frameworks";
				PRODUCT_BUNDLE_IDENTIFIER = "Julio.Angel-HackUITests";
				PRODUCT_NAME = "$(TARGET_NAME)";
				TEST_TARGET_NAME = "Angel Hack";
			};
			name = Release;
		};
/* End XCBuildConfiguration section */

/* Begin XCConfigurationList section */
		43245E9E1CDE674900BDA44E /* Build configuration list for PBXProject "Angel Hack" */ = {
			isa = XCConfigurationList;
			buildConfigurations = (
				43245EC91CDE674A00BDA44E /* Debug */,
				43245ECA1CDE674A00BDA44E /* Release */,
			);
			defaultConfigurationIsVisible = 0;
			defaultConfigurationName = Release;
		};
		43245ECB1CDE674A00BDA44E /* Build configuration list for PBXNativeTarget "Angel Hack" */ = {
			isa = XCConfigurationList;
			buildConfigurations = (
				43245ECC1CDE674A00BDA44E /* Debug */,
				43245ECD1CDE674A00BDA44E /* Release */,
			);
			defaultConfigurationIsVisible = 0;
		};
		43245ECE1CDE674A00BDA44E /* Build configuration list for PBXNativeTarget "Angel HackTests" */ = {
			isa = XCConfigurationList;
			buildConfigurations = (
				43245ECF1CDE674A00BDA44E /* Debug */,
				43245ED01CDE674A00BDA44E /* Release */,
			);
			defaultConfigurationIsVisible = 0;
		};
		43245ED11CDE674A00BDA44E /* Build configuration list for PBXNativeTarget "Angel HackUITests" */ = {
			isa = XCConfigurationList;
			buildConfigurations = (
				43245ED21CDE674A00BDA44E /* Debug */,
				43245ED31CDE674A00BDA44E /* Release */,
			);
			defaultConfigurationIsVisible = 0;
		};
/* End XCConfigurationList section */
	};
	rootObject = 43245E9B1CDE674900BDA44E /* Project object */;
}
